uuid: 1adfa875-f667-45a3-970c-4d8e7605f6b1
langcode: en
status: true
dependencies:
  module:
    - iasc_content
  theme:
    - iasc_common_design
id: sectionmenublock
theme: iasc_common_design
region: sidebar_first
weight: 8
provider: null
plugin: iasc_section_menu_block
settings:
  id: iasc_section_menu_block
  label: 'Section menu block'
  provider: iasc_content
  label_display: visible
visibility: {  }
