uuid: 1517ecd6-620b-4d8d-a669-476c7b14a814
langcode: en
status: true
dependencies:
  module:
    - block_content
    - dynamic_entity_reference
    - paragraphs
id: paragraph.field_custom_block
field_name: field_custom_block
entity_type: paragraph
type: dynamic_entity_reference
settings:
  exclude_entity_types: false
  entity_type_ids:
    block_content: block_content
module: dynamic_entity_reference
locked: false
cardinality: 1
translatable: true
indexes: {  }
persist_with_no_fields: false
custom_storage: false
